
Microsoft Visual Studio Solution File, Format Version 12.00
# Visual Studio Version 16
VisualStudioVersion = 16.0.31729.503
MinimumVisualStudioVersion = 10.0.40219.1
Project("{FAE04EC0-301F-11D3-BF4B-00C04F79EFBC}") = "Karar_Verme_Teknikleri", "Karar_Verme_Teknikleri.csproj", "{F4008A33-658D-43BE-A147-9AFBC358772E}"
EndProject
Global
	GlobalSection(SolutionConfigurationPlatforms) = preSolution
		Debug|Any CPU = Debug|Any CPU
		Release|Any CPU = Release|Any CPU
	EndGlobalSection
	GlobalSection(ProjectConfigurationPlatforms) = postSolution
		{F4008A33-658D-43BE-A147-9AFBC358772E}.Debug|Any CPU.ActiveCfg = Debug|Any CPU
		{F4008A33-658D-43BE-A147-9AFBC358772E}.Debug|Any CPU.Build.0 = Debug|Any CPU
		{F4008A33-658D-43BE-A147-9AFBC358772E}.Release|Any CPU.ActiveCfg = Release|Any CPU
		{F4008A33-658D-43BE-A147-9AFBC358772E}.Release|Any CPU.Build.0 = Release|Any CPU
	EndGlobalSection
	GlobalSection(SolutionProperties) = preSolution
		HideSolutionNode = FALSE
	EndGlobalSection
	GlobalSection(ExtensibilityGlobals) = postSolution
		SolutionGuid = {9A262B35-D70F-4AFC-A747-DB9084F2F884}
	EndGlobalSection
EndGlobal
